
Microsoft Visual Studio Solution File, Format Version 12.00
# Visual Studio 15
VisualStudioVersion = 15.0.28307.572
MinimumVisualStudioVersion = 10.0.40219.1
Project("{FAE04EC0-301F-11D3-BF4B-00C04F79EFBC}") = "ElementsLesson", "ElementsLesson\ElementsLesson.csproj", "{99C2D467-8549-4385-A4F5-B765CB4D002D}"
EndProject
Project("{FAE04EC0-301F-11D3-BF4B-00C04F79EFBC}") = "Models", "Models\Models.csproj", "{2363DF27-16A8-41D3-88D1-68AA2CEA8C0C}"
EndProject
Project("{FAE04EC0-301F-11D3-BF4B-00C04F79EFBC}") = "DataAccess", "DataAccess\DataAccess.csproj", "{DAA87D6D-9B23-4ACC-9F1A-B0CF225E5D8B}"
EndProject
Project("{FAE04EC0-301F-11D3-BF4B-00C04F79EFBC}") = "Services", "Services\Services.csproj", "{6D8D94B4-FEF4-44FD-BD87-AA6EE01905A7}"
EndProject
Global
	GlobalSection(SolutionConfigurationPlatforms) = preSolution
		Debug|Any CPU = Debug|Any CPU
		Release|Any CPU = Release|Any CPU
	EndGlobalSection
	GlobalSection(ProjectConfigurationPlatforms) = postSolution
		{99C2D467-8549-4385-A4F5-B765CB4D002D}.Debug|Any CPU.ActiveCfg = Debug|Any CPU
		{99C2D467-8549-4385-A4F5-B765CB4D002D}.Debug|Any CPU.Build.0 = Debug|Any CPU
		{99C2D467-8549-4385-A4F5-B765CB4D002D}.Release|Any CPU.ActiveCfg = Release|Any CPU
		{99C2D467-8549-4385-A4F5-B765CB4D002D}.Release|Any CPU.Build.0 = Release|Any CPU
		{2363DF27-16A8-41D3-88D1-68AA2CEA8C0C}.Debug|Any CPU.ActiveCfg = Debug|Any CPU
		{2363DF27-16A8-41D3-88D1-68AA2CEA8C0C}.Debug|Any CPU.Build.0 = Debug|Any CPU
		{2363DF27-16A8-41D3-88D1-68AA2CEA8C0C}.Release|Any CPU.ActiveCfg = Release|Any CPU
		{2363DF27-16A8-41D3-88D1-68AA2CEA8C0C}.Release|Any CPU.Build.0 = Release|Any CPU
		{DAA87D6D-9B23-4ACC-9F1A-B0CF225E5D8B}.Debug|Any CPU.ActiveCfg = Debug|Any CPU
		{DAA87D6D-9B23-4ACC-9F1A-B0CF225E5D8B}.Debug|Any CPU.Build.0 = Debug|Any CPU
		{DAA87D6D-9B23-4ACC-9F1A-B0CF225E5D8B}.Release|Any CPU.ActiveCfg = Release|Any CPU
		{DAA87D6D-9B23-4ACC-9F1A-B0CF225E5D8B}.Release|Any CPU.Build.0 = Release|Any CPU
		{6D8D94B4-FEF4-44FD-BD87-AA6EE01905A7}.Debug|Any CPU.ActiveCfg = Debug|Any CPU
		{6D8D94B4-FEF4-44FD-BD87-AA6EE01905A7}.Debug|Any CPU.Build.0 = Debug|Any CPU
		{6D8D94B4-FEF4-44FD-BD87-AA6EE01905A7}.Release|Any CPU.ActiveCfg = Release|Any CPU
		{6D8D94B4-FEF4-44FD-BD87-AA6EE01905A7}.Release|Any CPU.Build.0 = Release|Any CPU
	EndGlobalSection
	GlobalSection(SolutionProperties) = preSolution
		HideSolutionNode = FALSE
	EndGlobalSection
	GlobalSection(ExtensibilityGlobals) = postSolution
		SolutionGuid = {11820C36-5A99-4268-B23D-EFE7EC9F04E7}
	EndGlobalSection
EndGlobal
